uuid: 9d548a38-b35e-4315-b0cd-153c6c59eae6
langcode: en
status: true
dependencies:
  module:
    - obd_search_blocks
  theme:
    - bartik
id: searchformblock
theme: bartik
region: header
weight: 0
provider: null
plugin: obd_search_form_block
settings:
  id: obd_search_form_block
  label: 'Search Form Block'
  provider: obd_search_blocks
  label_display: '0'
visibility: {  }
